charm.land/bubbles/v2 v2.0.0-beta.1.0.20251106192719-c2b822795a69 h1:NDGTUMVrofPXnt/GWrEq9ocy2u6wXgG/Iy08yV9hYWw=
charm.land/bubbles/v2 v2.0.0-beta.1.0.20251106192719-c2b822795a69/go.mod h1:IgPJ3gPe7pVotzof0AYkt+FKBnoLK/KrfxWcfbful4I=
charm.land/bubbletea/v2 v2.0.0-rc.1.0.20251106185747-a1ecb94bda0e h1:OCjdV0RkZULGNIWNKEMnZ2AvoEWkWZ1Qk3UwkBZIJys=
charm.land/bubbletea/v2 v2.0.0-rc.1.0.20251106185747-a1ecb94bda0e/go.mod h1:oR2A+f83vzDY0hALwW4eh90fKXdranRWnH/vfwJL1lU=
charm.land/bubbletea/v2 v2.0.0-rc.1.0.20251106192006-06c0cda318b3 h1:kHeOXDvccLh2f0gH3qxyMhN07VEnmc/3gPAZ50wn8ko=
charm.land/bubbletea/v2 v2.0.0-rc.1.0.20251106192006-06c0cda318b3/go.mod h1:e3yWIY4Tl/LJnOMOv9H4YgvDwrknVDm5az5ep5QRLfk=
charm.land/lipgloss/v2 v2.0.0-beta.3.0.20251104200114-3aae28661422 h1:LcW3SSv1EZvlb9pfaVZIZyHrPVRJdb0adgX+tWPYl0k=
charm.land/lipgloss/v2 v2.0.0-beta.3.0.20251104200114-3aae28661422/go.mod h1:0EJAlA1PDGb+2RyyC02yDSPDwvpegDefu74HC9Blg5o=
charm.land/lipgloss/v2 v2.0.0-beta.3.0.20251106192539-4b304240aab7 h1:059k1h5vvZ4ASinki9nmBguxu9Rq0UDDSa6q8LOUphk=
charm.land/lipgloss/v2 v2.0.0-beta.3.0.20251106192539-4b304240aab7/go.mod h1:1qZyvvVCenJO2M1ac2mX0yyiIZJoZmDM4DG4s0udJkU=
github.com/charmbracelet/colorprofile v0.3.3 h1:DjJzJtLP6/NZ8p7Cgjno0CKGr7wwRJGxWUwh2IyhfAI=
github.com/charmbracelet/colorprofile v0.3.3/go.mod h1:nB1FugsAbzq284eJcjfah2nhdSLppN2NqvfotkfRYP4=
github.com/charmbracelet/ultraviolet v0.0.0-20251105181648-75d1e37ff1bb h1:KZnKSrGjarKScpekDuPAVnlMSMtA7mdzmoUD0AhAZC0=
github.com/charmbracelet/ultraviolet v0.0.0-20251105181648-75d1e37ff1bb/go.mod h1:G7cNuWgmuugx6ApJv4kDGfnFanoDAz8AWazH9lSoWdw=
github.com/charmbracelet/ultraviolet v0.0.0-20251106190538-99ea45596692 h1:r/3jQZ1LjWW6ybp8HHfhrKrwHIWiJhUuY7wwYIWZulQ=
github.com/charmbracelet/ultraviolet v0.0.0-20251106190538-99ea45596692/go.mod h1:Y8B4DzWeTb0ama8l3+KyopZtkE8fZjwRQ3aEAPEXHE0=
github.com/charmbracelet/x v0.1.0 h1:/MAmoZV+UIm4P9LxQBoQ2oK49wu/ewabHLFG4Gspc4c=
github.com/charmbracelet/x v0.1.0/go.mod h1:tfPuVPqtgK3n1KbwMw4oEq3Fruetob3nM14pFgMVFzs=
github.com/charmbracelet/x/ansi v0.10.3 h1:3WoV9XN8uMEnFRZZ+vBPRy59TaIWa+gJodS4Vg5Fut0=
github.com/charmbracelet/x/ansi v0.10.3/go.mod h1:uQt8bOrq/xgXjlGcFMc8U2WYbnxyjrKhnvTQluvfCaE=
github.com/charmbracelet/x/ansi v0.11.0 h1:uuIVK7GIplwX6UBIz8S2TF8nkr7xRlygSsBRjSJqIvA=
github.com/charmbracelet/x/ansi v0.11.0/go.mod h1:uQt8bOrq/xgXjlGcFMc8U2WYbnxyjrKhnvTQluvfCaE=
github.com/charmbracelet/x/term v0.2.2 h1:xVRT/S2ZcKdhhOuSP4t5cLi5o+JxklsoEObBSgfgZRk=
github.com/charmbracelet/x/term v0.2.2/go.mod h1:kF8CY5RddLWrsgVwpw4kAa6TESp6EB5y3uxGLeCqzAI=
github.com/charmbracelet/x/termios v0.1.1 h1:o3Q2bT8eqzGnGPOYheoYS8eEleT5ZVNYNy8JawjaNZY=
github.com/charmbracelet/x/termios v0.1.1/go.mod h1:rB7fnv1TgOPOyyKRJ9o+AsTU/vK5WHJ2ivHeut/Pcwo=
github.com/charmbracelet/x/windows v0.2.2 h1:IofanmuvaxnKHuV04sC0eBy/smG6kIKrWG2/jYn2GuM=
github.com/charmbracelet/x/windows v0.2.2/go.mod h1:/8XtdKZzedat74NQFn0NGlGL4soHB0YQZrETF96h75k=
github.com/clipperhouse/displaywidth v0.4.1 h1:uVw9V8UDfnggg3K2U84VWY1YLQ/x2aKSCtkRyYozfoU=
github.com/clipperhouse/displaywidth v0.4.1/go.mod h1:R+kHuzaYWFkTm7xoMmK1lFydbci4X2CicfbGstSGg0o=
github.com/clipperhouse/stringish v0.1.1 h1:+NSqMOr3GR6k1FdRhhnXrLfztGzuG+VuFDfatpWHKCs=
github.com/clipperhouse/stringish v0.1.1/go.mod h1:v/WhFtE1q0ovMta2+m+UbpZ+2/HEXNWYXQgCt4hdOzA=
github.com/clipperhouse/uax29/v2 v2.3.0 h1:SNdx9DVUqMoBuBoW3iLOj4FQv3dN5mDtuqwuhIGpJy4=
github.com/clipperhouse/uax29/v2 v2.3.0/go.mod h1:Wn1g7MK6OoeDT0vL+Q0SQLDz/KpfsVRgg6W7ihQeh4g=
github.com/cpuguy83/go-md2man/v2 v2.0.6/go.mod h1:oOW0eioCTA6cOiMLiUPZOpcVxMig6NIQQ7OS05n1F4g=
github.com/inconshreveable/mousetrap v1.1.0 h1:wN+x4NVGpMsO7ErUn/mUI3vEoE6Jt13X2s0bqwp9tc8=
github.com/inconshreveable/mousetrap v1.1.0/go.mod h1:vpF70FUmC8bwa3OWnCshd2FqLfsEA9PFc4w1p2J65bw=
github.com/lucasb-eyer/go-colorful v1.3.0 h1:2/yBRLdWBZKrf7gB40FoiKfAWYQ0lqNcbuQwVHXptag=
github.com/lucasb-eyer/go-colorful v1.3.0/go.mod h1:R4dSotOR9KMtayYi1e77YzuveK+i7ruzyGqttikkLy0=
github.com/mattn/go-runewidth v0.0.19 h1:v++JhqYnZuu5jSKrk9RbgF5v4CGUjqRfBm05byFGLdw=
github.com/mattn/go-runewidth v0.0.19/go.mod h1:XBkDxAl56ILZc9knddidhrOlY5R/pDhgLpndooCuJAs=
github.com/muesli/cancelreader v0.2.2 h1:3I4Kt4BQjOR54NavqnDogx/MIoWBFa0StPA8ELUXHmA=
github.com/muesli/cancelreader v0.2.2/go.mod h1:3XuTXfFS2VjM+HTLZY9Ak0l6eUKfijIfMUZ4EgX0QYo=
github.com/rivo/uniseg v0.4.7 h1:WUdvkW8uEhrYfLC4ZzdpI2ztxP1I582+49Oc5Mq64VQ=
github.com/rivo/uniseg v0.4.7/go.mod h1:FN3SvrM+Zdj16jyLfmOkMNblXMcoc8DfTHruCPUcx88=
github.com/russross/blackfriday/v2 v2.1.0/go.mod h1:+Rmxgy9KzJVeS9/2gXHxylqXiyQDYRxCVz55jmeOWTM=
github.com/spf13/cobra v1.10.1 h1:lJeBwCfmrnXthfAupyUTzJ/J4Nc1RsHC/mSRU2dll/s=
github.com/spf13/cobra v1.10.1/go.mod h1:7SmJGaTHFVBY0jW4NXGluQoLvhqFQM+6XSKD+P4XaB0=
github.com/spf13/pflag v1.0.9/go.mod h1:McXfInJRrz4CZXVZOBLb0bTZqETkiAhM9Iw0y3An2Bg=
github.com/spf13/pflag v1.0.10 h1:4EBh2KAYBwaONj6b2Ye1GiHfwjqyROoF4RwYO+vPwFk=
github.com/spf13/pflag v1.0.10/go.mod h1:McXfInJRrz4CZXVZOBLb0bTZqETkiAhM9Iw0y3An2Bg=
github.com/xo/terminfo v0.0.0-20220910002029-abceb7e1c41e h1:JVG44RsyaB9T2KIHavMF/ppJZNG9ZpyihvCd0w101no=
github.com/xo/terminfo v0.0.0-20220910002029-abceb7e1c41e/go.mod h1:RbqR21r5mrJuqunuUZ/Dhy/avygyECGrLceyNeo4LiM=
golang.org/x/sync v0.17.0 h1:l60nONMj9l5drqw6jlhIELNv9I0A4OFgRsG9k2oT9Ug=
golang.org/x/sync v0.17.0/go.mod h1:9KTHXmSnoGruLpwFjVSX0lNNA75CykiMECbovNTZqGI=
golang.org/x/sys v0.37.0 h1:fdNQudmxPjkdUTPnLn5mdQv7Zwvbvpaxqs831goi9kQ=
golang.org/x/sys v0.37.0/go.mod h1:OgkHotnGiDImocRcuBABYBEXf8A9a87e/uXjp9XT3ks=
golang.org/x/term v0.36.0 h1:zMPR+aF8gfksFprF/Nc/rd1wRS1EI6nDBGyWAvDzx2Q=
golang.org/x/term v0.36.0/go.mod h1:Qu394IJq6V6dCBRgwqshf3mPF85AqzYEzofzRdZkWss=
gopkg.in/check.v1 v0.0.0-20161208181325-20d25e280405/go.mod h1:Co6ibVJAznAaIkqp8huTwlJQCZ016jof/cbN4VW5Yz0=
gopkg.in/yaml.v3 v3.0.1/go.mod h1:K4uyk7z7BCEPqu6E+C64Yfv1cQ7kz7rIZviUmN+EgEM=
